
Microsoft Visual Studio Solution File, Format Version 12.00
# Visual Studio Version 17
VisualStudioVersion = 17.2.32630.192
MinimumVisualStudioVersion = 10.0.40219.1
Project("{FAE04EC0-301F-11D3-BF4B-00C04F79EFBC}") = "Garage", "Garage\Garage.csproj", "{5A54F462-E08C-4678-951F-46F50129A14F}"
EndProject
Global
	GlobalSection(SolutionConfigurationPlatforms) = preSolution
		Debug|Any CPU = Debug|Any CPU
		Release|Any CPU = Release|Any CPU
	EndGlobalSection
	GlobalSection(ProjectConfigurationPlatforms) = postSolution
		{5A54F462-E08C-4678-951F-46F50129A14F}.Debug|Any CPU.ActiveCfg = Debug|Any CPU
		{5A54F462-E08C-4678-951F-46F50129A14F}.Debug|Any CPU.Build.0 = Debug|Any CPU
		{5A54F462-E08C-4678-951F-46F50129A14F}.Release|Any CPU.ActiveCfg = Release|Any CPU
		{5A54F462-E08C-4678-951F-46F50129A14F}.Release|Any CPU.Build.0 = Release|Any CPU
	EndGlobalSection
	GlobalSection(SolutionProperties) = preSolution
		HideSolutionNode = FALSE
	EndGlobalSection
	GlobalSection(ExtensibilityGlobals) = postSolution
		SolutionGuid = {FFA30EDD-D077-4D46-9D4A-514E93C35FD1}
	EndGlobalSection
EndGlobal
